
Microsoft Visual Studio Solution File, Format Version 12.00
# Visual Studio Version 17
VisualStudioVersion = 17.11.35208.52
MinimumVisualStudioVersion = 10.0.40219.1
Project("{FAE04EC0-301F-11D3-BF4B-00C04F79EFBC}") = "ConsoleApp1", "ConsoleApp1\ConsoleApp1.csproj", "{09D16157-29C5-47EF-A8D6-3574EBFCC0FC}"
EndProject
Global
	GlobalSection(SolutionConfigurationPlatforms) = preSolution
		Debug|Any CPU = Debug|Any CPU
		Release|Any CPU = Release|Any CPU
	EndGlobalSection
	GlobalSection(ProjectConfigurationPlatforms) = postSolution
		{09D16157-29C5-47EF-A8D6-3574EBFCC0FC}.Debug|Any CPU.ActiveCfg = Debug|Any CPU
		{09D16157-29C5-47EF-A8D6-3574EBFCC0FC}.Debug|Any CPU.Build.0 = Debug|Any CPU
		{09D16157-29C5-47EF-A8D6-3574EBFCC0FC}.Release|Any CPU.ActiveCfg = Release|Any CPU
		{09D16157-29C5-47EF-A8D6-3574EBFCC0FC}.Release|Any CPU.Build.0 = Release|Any CPU
	EndGlobalSection
	GlobalSection(SolutionProperties) = preSolution
		HideSolutionNode = FALSE
	EndGlobalSection
	GlobalSection(ExtensibilityGlobals) = postSolution
		SolutionGuid = {74EA22EA-D037-4D2F-8125-3757DE8DBC2C}
	EndGlobalSection
EndGlobal
